{
  "version": 1,
  "dependencies": {
    "net10.0-windows7.0": {
      "DalamudPackager": {
        "type": "Direct",
        "requested": "[15.0.0, )",
        "resolved": "15.0.0",
        "contentHash": "411vwC8/X8Z/sQ2TI6v3SvOn66xFPeOjFn3Zn+h0d3Ox2t1kFm66AhDvmx/qcMwVrR+Hidxj0dadpQ2dgyXMBQ=="
      },
      "DotNet.ReproducibleBuilds": {
        "type": "Direct",
        "requested": "[1.2.39, )",
        "resolved": "1.2.39",
        "contentHash": "fcFN01tDTIQqDuTwr1jUQK/geofiwjG5DycJQOnC72i1SsLAk1ELe+apBOuZ11UMQG8YKFZG1FgvjZPbqHyatg=="
      },
      "ECommons": {
        "type": "Direct",
        "requested": "[3.2.0.15, )",
        "resolved": "3.2.0.15",
        "contentHash": "f7IoU8fYDjVqetKKCSBDPK4Up585DTgVRfNHTkVWq6Q2xZgvrhsjR8RCG1RYIyUp4pqjFekr34NjW570k9Lmng=="
      },
      "NAudio": {
        "type": "Direct",
        "requested": "[2.1.0, )",
        "resolved": "2.1.0",
        "contentHash": "iamDtIq4Tcq6BDEMatX7Wj6KI7rscECS72ZejjnL9RK8BgfrVRH2RlhlQVNxXNp9Up1eFESEiCILNBo7//Rr0g==",
        "dependencies": {
          "NAudio.Asio": "2.1.0",
          "NAudio.Core": "2.1.0",
          "NAudio.Midi": "2.1.0",
          "NAudio.Wasapi": "2.1.0",
          "NAudio.WinForms": "2.1.0",
          "NAudio.WinMM": "2.1.0"
        }
      },
      "NAudio.Lame": {
        "type": "Direct",
        "requested": "[2.0.1, )",
        "resolved": "2.0.1",
        "contentHash": "MhVKOsKFCo9o/ghReT7x0dOKILPRN3crZjBP85vz02jfDeFPmSGXGdNIXN0FYIPDKH7irFcI9q0IeYlXQwJfaQ==",
        "dependencies": {
          "NAudio.Core": "2.0.0"
        }
      },
      "NAudio.Asio": {
        "type": "Transitive",
        "resolved": "2.1.0",
        "contentHash": "YMXffgqPTsQIjmXYyzLrXSpQZzC7ZH49mmdXaPW3o/5S+AhFKZeOrwUA2fkvphQdGhryObbZnPAq+u8uABkH5A==",
        "dependencies": {
          "NAudio.Core": "2.1.0"
        }
      },
      "NAudio.Core": {
        "type": "Transitive",
        "resolved": "2.1.0",
        "contentHash": "0iowfmolibU4KxjaC/s7lox/BeDg76UVvXtCuCzRiNpylVndqsxXxp+bVWFrpv0KzQDIKLxZrnDmYENlAI0u9g=="
      },
      "NAudio.Midi": {
        "type": "Transitive",
        "resolved": "2.1.0",
        "contentHash": "m2ZunnyZ1p7OoAMh1scHRVle+GiFuIRrzkcxZJREUFHje8O2hcMGya3ZAjD+dV2FTcrbqNQUc4kJy9LOTuydUw==",
        "dependencies": {
          "NAudio.Core": "2.1.0"
        }
      },
      "NAudio.Wasapi": {
        "type": "Transitive",
        "resolved": "2.1.0",
        "contentHash": "Zp/8l79aYQEu7/HfzXWVpqyIwRUPgsvCj/Qx+pR6ykJxvwjqOoUfMiEG9US1wW4d7PEzT5ZBIL+cp90t6HNNiw==",
        "dependencies": {
          "NAudio.Core": "2.1.0"
        }
      },
      "NAudio.WinForms": {
        "type": "Transitive",
        "resolved": "2.1.0",
        "contentHash": "yoGCLidMVQmg66dNuEYusY1bttZJ5gxvufxRYFgxIw444dw4C70YsDgLeDugPd0rdwkSCQq5CtrVw6DSmxTxPA==",
        "dependencies": {
          "NAudio.WinMM": "2.1.0"
        }
      },
      "NAudio.WinMM": {
        "type": "Transitive",
        "resolved": "2.1.0",
        "contentHash": "lUU5C+XNzKhFUIEafA/nJpbtjksFtbUd033fs27KeHlOM0r6rQFF3l75dqxg+rWkGu81MfkBbYrNpH9p8qmtBA==",
        "dependencies": {
          "NAudio.Core": "2.1.0"
        }
      },
      "punishlib": {
        "type": "Project",
        "dependencies": {
          "ECommons": "[3.1.0.1, )"
        }
      }
    }
  }
}