{
  "version": 1,
  "dependencies": {
    "net7.0-windows7.0": {
      "DalamudPackager": {
        "type": "Direct",
        "requested": "[2.1.8, )",
        "resolved": "2.1.8",
        "contentHash": "YqagNXs9InxmqkXzq7kLveImxnodkBEicAhydMXVp7dFjC7xb76U6zGgAax4/BWIWfZeWzr5DJyQSev31kj81A=="
      },
      "ECommons": {
        "type": "Direct",
        "requested": "[1.0.0.1, )",
        "resolved": "1.0.0.1",
        "contentHash": "qrI+znopYLTTDsGelqh0nxN5wXxIZLznoAj+itvktk8YEq4ssMQEt7HXfQ2pq9YN/W2L/r2uDTP0EO96SOSIAg=="
      },
      "PunishLib": {
        "type": "Direct",
        "requested": "[1.0.0.1, )",
        "resolved": "1.0.0.1",
        "contentHash": "5lOZD5Z9hlL2ZlekePtdRio0MIX7g+8BrjkM4mEhKHsdbI6TYQ3SZXrYAET2vDNlZK5dJwx5ycFMh67Re1giaw==",
        "dependencies": {
          "ECommons": "1.0.0.1"
        }
      },
      "ILRepack": {
        "type": "Transitive",
        "resolved": "2.0.18",
        "contentHash": "sR5Aj3JLDbA8JwESfWYfigSz5k1oNSHPN434W1LX8sboWJYEOSQP/KkvZGmJKPgajzSUKkl2jDar3LPZiMFU4Q=="
      },
      "Reloaded.Memory": {
        "type": "Transitive",
        "resolved": "7.1.0",
        "contentHash": "4Y5tCsRWdW/shj9W7RqJq37LStuW1VVtjxsBp4LKZilPcjudeQg9k+u+6fnDgacCEJiG3S2EtcaiNtVMTdaSnQ=="
      },
      "clicklib": {
        "type": "Project",
        "dependencies": {
          "ILRepack": "[2.0.18, )",
          "Reloaded.Memory": "[7.1.0, )"
        }
      }
    }
  }
}